
Microsoft Visual Studio Solution File, Format Version 12.00
# Visual Studio Version 17
VisualStudioVersion = 17.5.33530.505
MinimumVisualStudioVersion = 10.0.40219.1
Project("{FAE04EC0-301F-11D3-BF4B-00C04F79EFBC}") = "darkroom", "darkroom.csproj", "{3034DB2F-AD94-403D-B03F-CC1CAAAB0239}"
EndProject
Global
	GlobalSection(SolutionConfigurationPlatforms) = preSolution
		Debug|Any CPU = Debug|Any CPU
		Release|Any CPU = Release|Any CPU
	EndGlobalSection
	GlobalSection(ProjectConfigurationPlatforms) = postSolution
		{3034DB2F-AD94-403D-B03F-CC1CAAAB0239}.Debug|Any CPU.ActiveCfg = Debug|Any CPU
		{3034DB2F-AD94-403D-B03F-CC1CAAAB0239}.Debug|Any CPU.Build.0 = Debug|Any CPU
		{3034DB2F-AD94-403D-B03F-CC1CAAAB0239}.Release|Any CPU.ActiveCfg = Release|Any CPU
		{3034DB2F-AD94-403D-B03F-CC1CAAAB0239}.Release|Any CPU.Build.0 = Release|Any CPU
	EndGlobalSection
	GlobalSection(SolutionProperties) = preSolution
		HideSolutionNode = FALSE
	EndGlobalSection
	GlobalSection(ExtensibilityGlobals) = postSolution
		SolutionGuid = {5E115C6F-B4AB-489F-B723-69B2D391B71A}
	EndGlobalSection
EndGlobal
